
Microsoft Visual Studio Solution File, Format Version 12.00
# Visual Studio Version 17
VisualStudioVersion = 17.0.31903.59
MinimumVisualStudioVersion = 10.0.40219.1
Project("{2150E333-8FDC-42A3-9474-1A3956D46DE8}") = "Src", "Src", "{827E0CD3-B72D-47B6-A68D-7590B98EB39B}"
EndProject
Project("{2150E333-8FDC-42A3-9474-1A3956D46DE8}") = "Application", "Application", "{22BAF98C-8415-17C4-B26A-D537657BC863}"
EndProject
Project("{FAE04EC0-301F-11D3-BF4B-00C04F79EFBC}") = "Ahmad.OnlineShop.Application", "Src\Application\Ahmad.OnlineShop.Application\Ahmad.OnlineShop.Application.csproj", "{D122090B-9A56-4800-8E4D-530669BDC70F}"
EndProject
Project("{FAE04EC0-301F-11D3-BF4B-00C04F79EFBC}") = "Ahmad.OnlineShop.Application.Contract", "Src\Application\Ahmad.OnlineShop.Application.Contract\Ahmad.OnlineShop.Application.Contract.csproj", "{7549ABF9-D2B0-4DD0-86BD-394E0C040F93}"
EndProject
Project("{FAE04EC0-301F-11D3-BF4B-00C04F79EFBC}") = "Ahmad.OnlineShop.Application.Query", "Src\Application\Ahmad.OnlineShop.Application.Query\Ahmad.OnlineShop.Application.Query.csproj", "{608E43B7-7897-4AE2-8777-C9ECF1220503}"
EndProject
Project("{FAE04EC0-301F-11D3-BF4B-00C04F79EFBC}") = "Ahmad.OnlineShop.Application.Query.Contract", "Src\Application\Ahmad.OnlineShop.Application.Query.Contract\Ahmad.OnlineShop.Application.Query.Contract.csproj", "{CF992128-BC49-4368-858F-578E54433F9B}"
EndProject
Project("{FAE04EC0-301F-11D3-BF4B-00C04F79EFBC}") = "Ahmad.OnlineShop.Event.Handler", "Src\Application\Ahmad.OnlineShop.Event.Handler\Ahmad.OnlineShop.Event.Handler.csproj", "{CCF1DDEC-C6CF-4A55-9DE3-6EE21039A5F1}"
EndProject
Project("{2150E333-8FDC-42A3-9474-1A3956D46DE8}") = "Domain", "Domain", "{8B290487-4C16-E85E-E807-F579CBE9FC4D}"
EndProject
Project("{FAE04EC0-301F-11D3-BF4B-00C04F79EFBC}") = "Ahmad.OnlineShop.Domain", "Src\Domain\Ahmad.OnlineShop.Domain\Ahmad.OnlineShop.Domain.csproj", "{CFA2FD5F-E754-4827-8ED7-3225C97E3616}"
EndProject
Project("{FAE04EC0-301F-11D3-BF4B-00C04F79EFBC}") = "Ahmad.OnlineShop.Event", "Src\Domain\Ahmad.OnlineShop.Event\Ahmad.OnlineShop.Event.csproj", "{604E5548-51A1-4921-9293-AB743701D646}"
EndProject
Project("{2150E333-8FDC-42A3-9474-1A3956D46DE8}") = "Infrastructure", "Infrastructure", "{9048EB7F-3875-A59E-E36B-5BD4C6F2A282}"
EndProject
Project("{FAE04EC0-301F-11D3-BF4B-00C04F79EFBC}") = "Ahmad.OnlineShop.Config", "Src\Infrastructure\Ahmad.OnlineShop.API.Config\Ahmad.OnlineShop.Config.csproj", "{B5E6124B-94A0-4842-9AD1-F014A047A6FF}"
EndProject
Project("{FAE04EC0-301F-11D3-BF4B-00C04F79EFBC}") = "Ahmad.OnlineShop.Persistence.EF", "Src\Infrastructure\Ahmad.OnlineShop.Persistence.EF\Ahmad.OnlineShop.Persistence.EF.csproj", "{F8DA9E09-A3E4-4C0A-B654-97E0425CB6A1}"
EndProject
Project("{FAE04EC0-301F-11D3-BF4B-00C04F79EFBC}") = "Ahmad.OnlineShop.Read.Dapper", "Src\Infrastructure\Ahmad.OnlineShop.Read.Dapper\Ahmad.OnlineShop.Read.Dapper.csproj", "{8A9FBE8B-5E27-4C5A-BA93-02D287710DF6}"
EndProject
Project("{2150E333-8FDC-42A3-9474-1A3956D46DE8}") = "Rest", "Rest", "{B19F8B3A-FF81-D032-478D-39750732A379}"
EndProject
Project("{FAE04EC0-301F-11D3-BF4B-00C04F79EFBC}") = "Ahmad.OnlineShop.Rest", "Src\Rest\Ahmad.OnlineShop.API.Rest\Ahmad.OnlineShop.Rest.csproj", "{905502C7-8760-4459-9C05-956223DD5414}"
EndProject
Project("{2150E333-8FDC-42A3-9474-1A3956D46DE8}") = "Test", "Test", "{0C88DD14-F956-CE84-757C-A364CCF449FC}"
EndProject
Project("{FAE04EC0-301F-11D3-BF4B-00C04F79EFBC}") = "Ahmad.OnlineShop.Application.Tests", "Test\Ahmad.OnlineShop.Application.Tests\Ahmad.OnlineShop.Application.Tests.csproj", "{1620FCA5-E097-4C28-8167-28F8D8A79C76}"
EndProject
Project("{FAE04EC0-301F-11D3-BF4B-00C04F79EFBC}") = "Ahmad.OnlineShop.Domain.Tests", "Test\Ahmad.OnlineShop.Domain.Tests\Ahmad.OnlineShop.Domain.Tests.csproj", "{4ED0FF1E-EE6B-4E38-B6A8-7CFFE61ACB44}"
EndProject
Project("{FAE04EC0-301F-11D3-BF4B-00C04F79EFBC}") = "Ahmad.OnlineShop.Integration.Tests", "Test\Ahmad.OnlineShop.Integration.Tests\Ahmad.OnlineShop.Integration.Tests.csproj", "{538BEADC-AD3F-45A2-BDB5-0D86FBB9C877}"
EndProject
Project("{FAE04EC0-301F-11D3-BF4B-00C04F79EFBC}") = "Ahmad.OnlineShop.ServiceHost", "Ahmad.OnlineShop.ServiceHost\Ahmad.OnlineShop.ServiceHost.csproj", "{E5D377B6-1BBA-484B-B65E-9AC1BDBEF9FC}"
EndProject
Project("{FAE04EC0-301F-11D3-BF4B-00C04F79EFBC}") = "Ahmad.OnlineShop.Option", "Ahmad.OnlineShop.Option\Ahmad.OnlineShop.Option.csproj", "{A194B4FE-7EC5-4B84-A388-F015D636EE63}"
EndProject
Global
	GlobalSection(SolutionConfigurationPlatforms) = preSolution
		Debug|Any CPU = Debug|Any CPU
		Debug|x64 = Debug|x64
		Debug|x86 = Debug|x86
		Release|Any CPU = Release|Any CPU
		Release|x64 = Release|x64
		Release|x86 = Release|x86
	EndGlobalSection
	GlobalSection(ProjectConfigurationPlatforms) = postSolution
		{D122090B-9A56-4800-8E4D-530669BDC70F}.Debug|Any CPU.ActiveCfg = Debug|Any CPU
		{D122090B-9A56-4800-8E4D-530669BDC70F}.Debug|Any CPU.Build.0 = Debug|Any CPU
		{D122090B-9A56-4800-8E4D-530669BDC70F}.Debug|x64.ActiveCfg = Debug|Any CPU
		{D122090B-9A56-4800-8E4D-530669BDC70F}.Debug|x64.Build.0 = Debug|Any CPU
		{D122090B-9A56-4800-8E4D-530669BDC70F}.Debug|x86.ActiveCfg = Debug|Any CPU
		{D122090B-9A56-4800-8E4D-530669BDC70F}.Debug|x86.Build.0 = Debug|Any CPU
		{D122090B-9A56-4800-8E4D-530669BDC70F}.Release|Any CPU.ActiveCfg = Release|Any CPU
		{D122090B-9A56-4800-8E4D-530669BDC70F}.Release|Any CPU.Build.0 = Release|Any CPU
		{D122090B-9A56-4800-8E4D-530669BDC70F}.Release|x64.ActiveCfg = Release|Any CPU
		{D122090B-9A56-4800-8E4D-530669BDC70F}.Release|x64.Build.0 = Release|Any CPU
		{D122090B-9A56-4800-8E4D-530669BDC70F}.Release|x86.ActiveCfg = Release|Any CPU
		{D122090B-9A56-4800-8E4D-530669BDC70F}.Release|x86.Build.0 = Release|Any CPU
		{7549ABF9-D2B0-4DD0-86BD-394E0C040F93}.Debug|Any CPU.ActiveCfg = Debug|Any CPU
		{7549ABF9-D2B0-4DD0-86BD-394E0C040F93}.Debug|Any CPU.Build.0 = Debug|Any CPU
		{7549ABF9-D2B0-4DD0-86BD-394E0C040F93}.Debug|x64.ActiveCfg = Debug|Any CPU
		{7549ABF9-D2B0-4DD0-86BD-394E0C040F93}.Debug|x64.Build.0 = Debug|Any CPU
		{7549ABF9-D2B0-4DD0-86BD-394E0C040F93}.Debug|x86.ActiveCfg = Debug|Any CPU
		{7549ABF9-D2B0-4DD0-86BD-394E0C040F93}.Debug|x86.Build.0 = Debug|Any CPU
		{7549ABF9-D2B0-4DD0-86BD-394E0C040F93}.Release|Any CPU.ActiveCfg = Release|Any CPU
		{7549ABF9-D2B0-4DD0-86BD-394E0C040F93}.Release|Any CPU.Build.0 = Release|Any CPU
		{7549ABF9-D2B0-4DD0-86BD-394E0C040F93}.Release|x64.ActiveCfg = Release|Any CPU
		{7549ABF9-D2B0-4DD0-86BD-394E0C040F93}.Release|x64.Build.0 = Release|Any CPU
		{7549ABF9-D2B0-4DD0-86BD-394E0C040F93}.Release|x86.ActiveCfg = Release|Any CPU
		{7549ABF9-D2B0-4DD0-86BD-394E0C040F93}.Release|x86.Build.0 = Release|Any CPU
		{608E43B7-7897-4AE2-8777-C9ECF1220503}.Debug|Any CPU.ActiveCfg = Debug|Any CPU
		{608E43B7-7897-4AE2-8777-C9ECF1220503}.Debug|Any CPU.Build.0 = Debug|Any CPU
		{608E43B7-7897-4AE2-8777-C9ECF1220503}.Debug|x64.ActiveCfg = Debug|Any CPU
		{608E43B7-7897-4AE2-8777-C9ECF1220503}.Debug|x64.Build.0 = Debug|Any CPU
		{608E43B7-7897-4AE2-8777-C9ECF1220503}.Debug|x86.ActiveCfg = Debug|Any CPU
		{608E43B7-7897-4AE2-8777-C9ECF1220503}.Debug|x86.Build.0 = Debug|Any CPU
		{608E43B7-7897-4AE2-8777-C9ECF1220503}.Release|Any CPU.ActiveCfg = Release|Any CPU
		{608E43B7-7897-4AE2-8777-C9ECF1220503}.Release|Any CPU.Build.0 = Release|Any CPU
		{608E43B7-7897-4AE2-8777-C9ECF1220503}.Release|x64.ActiveCfg = Release|Any CPU
		{608E43B7-7897-4AE2-8777-C9ECF1220503}.Release|x64.Build.0 = Release|Any CPU
		{608E43B7-7897-4AE2-8777-C9ECF1220503}.Release|x86.ActiveCfg = Release|Any CPU
		{608E43B7-7897-4AE2-8777-C9ECF1220503}.Release|x86.Build.0 = Release|Any CPU
		{CF992128-BC49-4368-858F-578E54433F9B}.Debug|Any CPU.ActiveCfg = Debug|Any CPU
		{CF992128-BC49-4368-858F-578E54433F9B}.Debug|Any CPU.Build.0 = Debug|Any CPU
		{CF992128-BC49-4368-858F-578E54433F9B}.Debug|x64.ActiveCfg = Debug|Any CPU
		{CF992128-BC49-4368-858F-578E54433F9B}.Debug|x64.Build.0 = Debug|Any CPU
		{CF992128-BC49-4368-858F-578E54433F9B}.Debug|x86.ActiveCfg = Debug|Any CPU
		{CF992128-BC49-4368-858F-578E54433F9B}.Debug|x86.Build.0 = Debug|Any CPU
		{CF992128-BC49-4368-858F-578E54433F9B}.Release|Any CPU.ActiveCfg = Release|Any CPU
		{CF992128-BC49-4368-858F-578E54433F9B}.Release|Any CPU.Build.0 = Release|Any CPU
		{CF992128-BC49-4368-858F-578E54433F9B}.Release|x64.ActiveCfg = Release|Any CPU
		{CF992128-BC49-4368-858F-578E54433F9B}.Release|x64.Build.0 = Release|Any CPU
		{CF992128-BC49-4368-858F-578E54433F9B}.Release|x86.ActiveCfg = Release|Any CPU
		{CF992128-BC49-4368-858F-578E54433F9B}.Release|x86.Build.0 = Release|Any CPU
		{CCF1DDEC-C6CF-4A55-9DE3-6EE21039A5F1}.Debug|Any CPU.ActiveCfg = Debug|Any CPU
		{CCF1DDEC-C6CF-4A55-9DE3-6EE21039A5F1}.Debug|Any CPU.Build.0 = Debug|Any CPU
		{CCF1DDEC-C6CF-4A55-9DE3-6EE21039A5F1}.Debug|x64.ActiveCfg = Debug|Any CPU
		{CCF1DDEC-C6CF-4A55-9DE3-6EE21039A5F1}.Debug|x64.Build.0 = Debug|Any CPU
		{CCF1DDEC-C6CF-4A55-9DE3-6EE21039A5F1}.Debug|x86.ActiveCfg = Debug|Any CPU
		{CCF1DDEC-C6CF-4A55-9DE3-6EE21039A5F1}.Debug|x86.Build.0 = Debug|Any CPU
		{CCF1DDEC-C6CF-4A55-9DE3-6EE21039A5F1}.Release|Any CPU.ActiveCfg = Release|Any CPU
		{CCF1DDEC-C6CF-4A55-9DE3-6EE21039A5F1}.Release|Any CPU.Build.0 = Release|Any CPU
		{CCF1DDEC-C6CF-4A55-9DE3-6EE21039A5F1}.Release|x64.ActiveCfg = Release|Any CPU
		{CCF1DDEC-C6CF-4A55-9DE3-6EE21039A5F1}.Release|x64.Build.0 = Release|Any CPU
		{CCF1DDEC-C6CF-4A55-9DE3-6EE21039A5F1}.Release|x86.ActiveCfg = Release|Any CPU
		{CCF1DDEC-C6CF-4A55-9DE3-6EE21039A5F1}.Release|x86.Build.0 = Release|Any CPU
		{CFA2FD5F-E754-4827-8ED7-3225C97E3616}.Debug|Any CPU.ActiveCfg = Debug|Any CPU
		{CFA2FD5F-E754-4827-8ED7-3225C97E3616}.Debug|Any CPU.Build.0 = Debug|Any CPU
		{CFA2FD5F-E754-4827-8ED7-3225C97E3616}.Debug|x64.ActiveCfg = Debug|Any CPU
		{CFA2FD5F-E754-4827-8ED7-3225C97E3616}.Debug|x64.Build.0 = Debug|Any CPU
		{CFA2FD5F-E754-4827-8ED7-3225C97E3616}.Debug|x86.ActiveCfg = Debug|Any CPU
		{CFA2FD5F-E754-4827-8ED7-3225C97E3616}.Debug|x86.Build.0 = Debug|Any CPU
		{CFA2FD5F-E754-4827-8ED7-3225C97E3616}.Release|Any CPU.ActiveCfg = Release|Any CPU
		{CFA2FD5F-E754-4827-8ED7-3225C97E3616}.Release|Any CPU.Build.0 = Release|Any CPU
		{CFA2FD5F-E754-4827-8ED7-3225C97E3616}.Release|x64.ActiveCfg = Release|Any CPU
		{CFA2FD5F-E754-4827-8ED7-3225C97E3616}.Release|x64.Build.0 = Release|Any CPU
		{CFA2FD5F-E754-4827-8ED7-3225C97E3616}.Release|x86.ActiveCfg = Release|Any CPU
		{CFA2FD5F-E754-4827-8ED7-3225C97E3616}.Release|x86.Build.0 = Release|Any CPU
		{604E5548-51A1-4921-9293-AB743701D646}.Debug|Any CPU.ActiveCfg = Debug|Any CPU
		{604E5548-51A1-4921-9293-AB743701D646}.Debug|Any CPU.Build.0 = Debug|Any CPU
		{604E5548-51A1-4921-9293-AB743701D646}.Debug|x64.ActiveCfg = Debug|Any CPU
		{604E5548-51A1-4921-9293-AB743701D646}.Debug|x64.Build.0 = Debug|Any CPU
		{604E5548-51A1-4921-9293-AB743701D646}.Debug|x86.ActiveCfg = Debug|Any CPU
		{604E5548-51A1-4921-9293-AB743701D646}.Debug|x86.Build.0 = Debug|Any CPU
		{604E5548-51A1-4921-9293-AB743701D646}.Release|Any CPU.ActiveCfg = Release|Any CPU
		{604E5548-51A1-4921-9293-AB743701D646}.Release|Any CPU.Build.0 = Release|Any CPU
		{604E5548-51A1-4921-9293-AB743701D646}.Release|x64.ActiveCfg = Release|Any CPU
		{604E5548-51A1-4921-9293-AB743701D646}.Release|x64.Build.0 = Release|Any CPU
		{604E5548-51A1-4921-9293-AB743701D646}.Release|x86.ActiveCfg = Release|Any CPU
		{604E5548-51A1-4921-9293-AB743701D646}.Release|x86.Build.0 = Release|Any CPU
		{B5E6124B-94A0-4842-9AD1-F014A047A6FF}.Debug|Any CPU.ActiveCfg = Debug|Any CPU
		{B5E6124B-94A0-4842-9AD1-F014A047A6FF}.Debug|Any CPU.Build.0 = Debug|Any CPU
		{B5E6124B-94A0-4842-9AD1-F014A047A6FF}.Debug|x64.ActiveCfg = Debug|Any CPU
		{B5E6124B-94A0-4842-9AD1-F014A047A6FF}.Debug|x64.Build.0 = Debug|Any CPU
		{B5E6124B-94A0-4842-9AD1-F014A047A6FF}.Debug|x86.ActiveCfg = Debug|Any CPU
		{B5E6124B-94A0-4842-9AD1-F014A047A6FF}.Debug|x86.Build.0 = Debug|Any CPU
		{B5E6124B-94A0-4842-9AD1-F014A047A6FF}.Release|Any CPU.ActiveCfg = Release|Any CPU
		{B5E6124B-94A0-4842-9AD1-F014A047A6FF}.Release|Any CPU.Build.0 = Release|Any CPU
		{B5E6124B-94A0-4842-9AD1-F014A047A6FF}.Release|x64.ActiveCfg = Release|Any CPU
		{B5E6124B-94A0-4842-9AD1-F014A047A6FF}.Release|x64.Build.0 = Release|Any CPU
		{B5E6124B-94A0-4842-9AD1-F014A047A6FF}.Release|x86.ActiveCfg = Release|Any CPU
		{B5E6124B-94A0-4842-9AD1-F014A047A6FF}.Release|x86.Build.0 = Release|Any CPU
		{F8DA9E09-A3E4-4C0A-B654-97E0425CB6A1}.Debug|Any CPU.ActiveCfg = Debug|Any CPU
		{F8DA9E09-A3E4-4C0A-B654-97E0425CB6A1}.Debug|Any CPU.Build.0 = Debug|Any CPU
		{F8DA9E09-A3E4-4C0A-B654-97E0425CB6A1}.Debug|x64.ActiveCfg = Debug|Any CPU
		{F8DA9E09-A3E4-4C0A-B654-97E0425CB6A1}.Debug|x64.Build.0 = Debug|Any CPU
		{F8DA9E09-A3E4-4C0A-B654-97E0425CB6A1}.Debug|x86.ActiveCfg = Debug|Any CPU
		{F8DA9E09-A3E4-4C0A-B654-97E0425CB6A1}.Debug|x86.Build.0 = Debug|Any CPU
		{F8DA9E09-A3E4-4C0A-B654-97E0425CB6A1}.Release|Any CPU.ActiveCfg = Release|Any CPU
		{F8DA9E09-A3E4-4C0A-B654-97E0425CB6A1}.Release|Any CPU.Build.0 = Release|Any CPU
		{F8DA9E09-A3E4-4C0A-B654-97E0425CB6A1}.Release|x64.ActiveCfg = Release|Any CPU
		{F8DA9E09-A3E4-4C0A-B654-97E0425CB6A1}.Release|x64.Build.0 = Release|Any CPU
		{F8DA9E09-A3E4-4C0A-B654-97E0425CB6A1}.Release|x86.ActiveCfg = Release|Any CPU
		{F8DA9E09-A3E4-4C0A-B654-97E0425CB6A1}.Release|x86.Build.0 = Release|Any CPU
		{8A9FBE8B-5E27-4C5A-BA93-02D287710DF6}.Debug|Any CPU.ActiveCfg = Debug|Any CPU
		{8A9FBE8B-5E27-4C5A-BA93-02D287710DF6}.Debug|Any CPU.Build.0 = Debug|Any CPU
		{8A9FBE8B-5E27-4C5A-BA93-02D287710DF6}.Debug|x64.ActiveCfg = Debug|Any CPU
		{8A9FBE8B-5E27-4C5A-BA93-02D287710DF6}.Debug|x64.Build.0 = Debug|Any CPU
		{8A9FBE8B-5E27-4C5A-BA93-02D287710DF6}.Debug|x86.ActiveCfg = Debug|Any CPU
		{8A9FBE8B-5E27-4C5A-BA93-02D287710DF6}.Debug|x86.Build.0 = Debug|Any CPU
		{8A9FBE8B-5E27-4C5A-BA93-02D287710DF6}.Release|Any CPU.ActiveCfg = Release|Any CPU
		{8A9FBE8B-5E27-4C5A-BA93-02D287710DF6}.Release|Any CPU.Build.0 = Release|Any CPU
		{8A9FBE8B-5E27-4C5A-BA93-02D287710DF6}.Release|x64.ActiveCfg = Release|Any CPU
		{8A9FBE8B-5E27-4C5A-BA93-02D287710DF6}.Release|x64.Build.0 = Release|Any CPU
		{8A9FBE8B-5E27-4C5A-BA93-02D287710DF6}.Release|x86.ActiveCfg = Release|Any CPU
		{8A9FBE8B-5E27-4C5A-BA93-02D287710DF6}.Release|x86.Build.0 = Release|Any CPU
		{905502C7-8760-4459-9C05-956223DD5414}.Debug|Any CPU.ActiveCfg = Debug|Any CPU
		{905502C7-8760-4459-9C05-956223DD5414}.Debug|Any CPU.Build.0 = Debug|Any CPU
		{905502C7-8760-4459-9C05-956223DD5414}.Debug|x64.ActiveCfg = Debug|Any CPU
		{905502C7-8760-4459-9C05-956223DD5414}.Debug|x64.Build.0 = Debug|Any CPU
		{905502C7-8760-4459-9C05-956223DD5414}.Debug|x86.ActiveCfg = Debug|Any CPU
		{905502C7-8760-4459-9C05-956223DD5414}.Debug|x86.Build.0 = Debug|Any CPU
		{905502C7-8760-4459-9C05-956223DD5414}.Release|Any CPU.ActiveCfg = Release|Any CPU
		{905502C7-8760-4459-9C05-956223DD5414}.Release|Any CPU.Build.0 = Release|Any CPU
		{905502C7-8760-4459-9C05-956223DD5414}.Release|x64.ActiveCfg = Release|Any CPU
		{905502C7-8760-4459-9C05-956223DD5414}.Release|x64.Build.0 = Release|Any CPU
		{905502C7-8760-4459-9C05-956223DD5414}.Release|x86.ActiveCfg = Release|Any CPU
		{905502C7-8760-4459-9C05-956223DD5414}.Release|x86.Build.0 = Release|Any CPU
		{1620FCA5-E097-4C28-8167-28F8D8A79C76}.Debug|Any CPU.ActiveCfg = Debug|Any CPU
		{1620FCA5-E097-4C28-8167-28F8D8A79C76}.Debug|Any CPU.Build.0 = Debug|Any CPU
		{1620FCA5-E097-4C28-8167-28F8D8A79C76}.Debug|x64.ActiveCfg = Debug|Any CPU
		{1620FCA5-E097-4C28-8167-28F8D8A79C76}.Debug|x64.Build.0 = Debug|Any CPU
		{1620FCA5-E097-4C28-8167-28F8D8A79C76}.Debug|x86.ActiveCfg = Debug|Any CPU
		{1620FCA5-E097-4C28-8167-28F8D8A79C76}.Debug|x86.Build.0 = Debug|Any CPU
		{1620FCA5-E097-4C28-8167-28F8D8A79C76}.Release|Any CPU.ActiveCfg = Release|Any CPU
		{1620FCA5-E097-4C28-8167-28F8D8A79C76}.Release|Any CPU.Build.0 = Release|Any CPU
		{1620FCA5-E097-4C28-8167-28F8D8A79C76}.Release|x64.ActiveCfg = Release|Any CPU
		{1620FCA5-E097-4C28-8167-28F8D8A79C76}.Release|x64.Build.0 = Release|Any CPU
		{1620FCA5-E097-4C28-8167-28F8D8A79C76}.Release|x86.ActiveCfg = Release|Any CPU
		{1620FCA5-E097-4C28-8167-28F8D8A79C76}.Release|x86.Build.0 = Release|Any CPU
		{4ED0FF1E-EE6B-4E38-B6A8-7CFFE61ACB44}.Debug|Any CPU.ActiveCfg = Debug|Any CPU
		{4ED0FF1E-EE6B-4E38-B6A8-7CFFE61ACB44}.Debug|Any CPU.Build.0 = Debug|Any CPU
		{4ED0FF1E-EE6B-4E38-B6A8-7CFFE61ACB44}.Debug|x64.ActiveCfg = Debug|Any CPU
		{4ED0FF1E-EE6B-4E38-B6A8-7CFFE61ACB44}.Debug|x64.Build.0 = Debug|Any CPU
		{4ED0FF1E-EE6B-4E38-B6A8-7CFFE61ACB44}.Debug|x86.ActiveCfg = Debug|Any CPU
		{4ED0FF1E-EE6B-4E38-B6A8-7CFFE61ACB44}.Debug|x86.Build.0 = Debug|Any CPU
		{4ED0FF1E-EE6B-4E38-B6A8-7CFFE61ACB44}.Release|Any CPU.ActiveCfg = Release|Any CPU
		{4ED0FF1E-EE6B-4E38-B6A8-7CFFE61ACB44}.Release|Any CPU.Build.0 = Release|Any CPU
		{4ED0FF1E-EE6B-4E38-B6A8-7CFFE61ACB44}.Release|x64.ActiveCfg = Release|Any CPU
		{4ED0FF1E-EE6B-4E38-B6A8-7CFFE61ACB44}.Release|x64.Build.0 = Release|Any CPU
		{4ED0FF1E-EE6B-4E38-B6A8-7CFFE61ACB44}.Release|x86.ActiveCfg = Release|Any CPU
		{4ED0FF1E-EE6B-4E38-B6A8-7CFFE61ACB44}.Release|x86.Build.0 = Release|Any CPU
		{538BEADC-AD3F-45A2-BDB5-0D86FBB9C877}.Debug|Any CPU.ActiveCfg = Debug|Any CPU
		{538BEADC-AD3F-45A2-BDB5-0D86FBB9C877}.Debug|Any CPU.Build.0 = Debug|Any CPU
		{538BEADC-AD3F-45A2-BDB5-0D86FBB9C877}.Debug|x64.ActiveCfg = Debug|Any CPU
		{538BEADC-AD3F-45A2-BDB5-0D86FBB9C877}.Debug|x64.Build.0 = Debug|Any CPU
		{538BEADC-AD3F-45A2-BDB5-0D86FBB9C877}.Debug|x86.ActiveCfg = Debug|Any CPU
		{538BEADC-AD3F-45A2-BDB5-0D86FBB9C877}.Debug|x86.Build.0 = Debug|Any CPU
		{538BEADC-AD3F-45A2-BDB5-0D86FBB9C877}.Release|Any CPU.ActiveCfg = Release|Any CPU
		{538BEADC-AD3F-45A2-BDB5-0D86FBB9C877}.Release|Any CPU.Build.0 = Release|Any CPU
		{538BEADC-AD3F-45A2-BDB5-0D86FBB9C877}.Release|x64.ActiveCfg = Release|Any CPU
		{538BEADC-AD3F-45A2-BDB5-0D86FBB9C877}.Release|x64.Build.0 = Release|Any CPU
		{538BEADC-AD3F-45A2-BDB5-0D86FBB9C877}.Release|x86.ActiveCfg = Release|Any CPU
		{538BEADC-AD3F-45A2-BDB5-0D86FBB9C877}.Release|x86.Build.0 = Release|Any CPU
		{E5D377B6-1BBA-484B-B65E-9AC1BDBEF9FC}.Debug|Any CPU.ActiveCfg = Debug|Any CPU
		{E5D377B6-1BBA-484B-B65E-9AC1BDBEF9FC}.Debug|Any CPU.Build.0 = Debug|Any CPU
		{E5D377B6-1BBA-484B-B65E-9AC1BDBEF9FC}.Debug|x64.ActiveCfg = Debug|Any CPU
		{E5D377B6-1BBA-484B-B65E-9AC1BDBEF9FC}.Debug|x64.Build.0 = Debug|Any CPU
		{E5D377B6-1BBA-484B-B65E-9AC1BDBEF9FC}.Debug|x86.ActiveCfg = Debug|Any CPU
		{E5D377B6-1BBA-484B-B65E-9AC1BDBEF9FC}.Debug|x86.Build.0 = Debug|Any CPU
		{E5D377B6-1BBA-484B-B65E-9AC1BDBEF9FC}.Release|Any CPU.ActiveCfg = Release|Any CPU
		{E5D377B6-1BBA-484B-B65E-9AC1BDBEF9FC}.Release|Any CPU.Build.0 = Release|Any CPU
		{E5D377B6-1BBA-484B-B65E-9AC1BDBEF9FC}.Release|x64.ActiveCfg = Release|Any CPU
		{E5D377B6-1BBA-484B-B65E-9AC1BDBEF9FC}.Release|x64.Build.0 = Release|Any CPU
		{E5D377B6-1BBA-484B-B65E-9AC1BDBEF9FC}.Release|x86.ActiveCfg = Release|Any CPU
		{E5D377B6-1BBA-484B-B65E-9AC1BDBEF9FC}.Release|x86.Build.0 = Release|Any CPU
		{A194B4FE-7EC5-4B84-A388-F015D636EE63}.Debug|Any CPU.ActiveCfg = Debug|Any CPU
		{A194B4FE-7EC5-4B84-A388-F015D636EE63}.Debug|Any CPU.Build.0 = Debug|Any CPU
		{A194B4FE-7EC5-4B84-A388-F015D636EE63}.Debug|x64.ActiveCfg = Debug|Any CPU
		{A194B4FE-7EC5-4B84-A388-F015D636EE63}.Debug|x64.Build.0 = Debug|Any CPU
		{A194B4FE-7EC5-4B84-A388-F015D636EE63}.Debug|x86.ActiveCfg = Debug|Any CPU
		{A194B4FE-7EC5-4B84-A388-F015D636EE63}.Debug|x86.Build.0 = Debug|Any CPU
		{A194B4FE-7EC5-4B84-A388-F015D636EE63}.Release|Any CPU.ActiveCfg = Release|Any CPU
		{A194B4FE-7EC5-4B84-A388-F015D636EE63}.Release|Any CPU.Build.0 = Release|Any CPU
		{A194B4FE-7EC5-4B84-A388-F015D636EE63}.Release|x64.ActiveCfg = Release|Any CPU
		{A194B4FE-7EC5-4B84-A388-F015D636EE63}.Release|x64.Build.0 = Release|Any CPU
		{A194B4FE-7EC5-4B84-A388-F015D636EE63}.Release|x86.ActiveCfg = Release|Any CPU
		{A194B4FE-7EC5-4B84-A388-F015D636EE63}.Release|x86.Build.0 = Release|Any CPU
	EndGlobalSection
	GlobalSection(SolutionProperties) = preSolution
		HideSolutionNode = FALSE
	EndGlobalSection
	GlobalSection(NestedProjects) = preSolution
		{22BAF98C-8415-17C4-B26A-D537657BC863} = {827E0CD3-B72D-47B6-A68D-7590B98EB39B}
		{D122090B-9A56-4800-8E4D-530669BDC70F} = {22BAF98C-8415-17C4-B26A-D537657BC863}
		{7549ABF9-D2B0-4DD0-86BD-394E0C040F93} = {22BAF98C-8415-17C4-B26A-D537657BC863}
		{608E43B7-7897-4AE2-8777-C9ECF1220503} = {22BAF98C-8415-17C4-B26A-D537657BC863}
		{CF992128-BC49-4368-858F-578E54433F9B} = {22BAF98C-8415-17C4-B26A-D537657BC863}
		{CCF1DDEC-C6CF-4A55-9DE3-6EE21039A5F1} = {22BAF98C-8415-17C4-B26A-D537657BC863}
		{8B290487-4C16-E85E-E807-F579CBE9FC4D} = {827E0CD3-B72D-47B6-A68D-7590B98EB39B}
		{CFA2FD5F-E754-4827-8ED7-3225C97E3616} = {8B290487-4C16-E85E-E807-F579CBE9FC4D}
		{604E5548-51A1-4921-9293-AB743701D646} = {8B290487-4C16-E85E-E807-F579CBE9FC4D}
		{9048EB7F-3875-A59E-E36B-5BD4C6F2A282} = {827E0CD3-B72D-47B6-A68D-7590B98EB39B}
		{B5E6124B-94A0-4842-9AD1-F014A047A6FF} = {9048EB7F-3875-A59E-E36B-5BD4C6F2A282}
		{F8DA9E09-A3E4-4C0A-B654-97E0425CB6A1} = {9048EB7F-3875-A59E-E36B-5BD4C6F2A282}
		{8A9FBE8B-5E27-4C5A-BA93-02D287710DF6} = {9048EB7F-3875-A59E-E36B-5BD4C6F2A282}
		{B19F8B3A-FF81-D032-478D-39750732A379} = {827E0CD3-B72D-47B6-A68D-7590B98EB39B}
		{905502C7-8760-4459-9C05-956223DD5414} = {B19F8B3A-FF81-D032-478D-39750732A379}
		{1620FCA5-E097-4C28-8167-28F8D8A79C76} = {0C88DD14-F956-CE84-757C-A364CCF449FC}
		{4ED0FF1E-EE6B-4E38-B6A8-7CFFE61ACB44} = {0C88DD14-F956-CE84-757C-A364CCF449FC}
		{538BEADC-AD3F-45A2-BDB5-0D86FBB9C877} = {0C88DD14-F956-CE84-757C-A364CCF449FC}
		{A194B4FE-7EC5-4B84-A388-F015D636EE63} = {9048EB7F-3875-A59E-E36B-5BD4C6F2A282}
	EndGlobalSection
	GlobalSection(ExtensibilityGlobals) = postSolution
		SolutionGuid = {E20739FD-553B-472F-A880-CEDC7DA0CD6E}
	EndGlobalSection
EndGlobal
